# Prisma Migrate lockfile v1

20201129121432-init
20201129121545-add-optional-name-to-user
20201129121717-add-updated-at-to-user
20201129131841-unique-emails-on-user
20201130002238
20201130002247
20201130002311-add-sessions
20201130002701-rename-session
20201130003035-fix-session-primary-key
20201130003244
20201202201801-add-projects-table
20201202232750-add-teams
20201202233020-add-team-references
20201202233537-consistent-column-names
20201202233647-remove-default-team-id
20201203222444-project-name-mandatory
20201204195935-projects-within-teams-must-have-unique-names
20201205011023-add-activity-table
20201205163455-add-picture-to-user
20201206132712-add-membershipmodel
20201206132903-admin-false-by-default
20201206142847-rename-membership-relations